// !$*UTF8*$!
{
	archiveVersion = 1;
	classes = {
	};
	objectVersion = 42;
	objects = {

/* Begin PBXBuildFile section */
		26131D1409CB1D2000ACF137 /* BuildConstraint2.cpp in Sources */ = {isa = PBXBuildFile; fileRef = 26131D1209CB1D1F00ACF137 /* BuildConstraint2.cpp */; };
		261C44E4099A0B6600FFBDCA /* MinionInputReader.cpp in Sources */ = {isa = PBXBuildFile; fileRef = 26CA01FE0998C43C0064B996 /* MinionInputReader.cpp */; };
		263ACB500C75B3DC00AE5947 /* MinionThreeInputReader.cpp in Sources */ = {isa = PBXBuildFile; fileRef = 263ACB4F0C75B3DC00AE5947 /* MinionThreeInputReader.cpp */; };
		2643EA720C4573CD004231DE /* constraint_setup.cpp in Sources */ = {isa = PBXBuildFile; fileRef = 2643EA700C4573CD004231DE /* constraint_setup.cpp */; };
		2643EA730C4573CD004231DE /* debug_functions.cpp in Sources */ = {isa = PBXBuildFile; fileRef = 2643EA710C4573CD004231DE /* debug_functions.cpp */; };
		2643EA760C4573E7004231DE /* CT_DIV.cpp in Sources */ = {isa = PBXBuildFile; fileRef = 2643EA740C4573E7004231DE /* CT_DIV.cpp */; };
		2643EA770C4573E7004231DE /* CT_MODULO.cpp in Sources */ = {isa = PBXBuildFile; fileRef = 2643EA750C4573E7004231DE /* CT_MODULO.cpp */; };
		2644ACE50A192B90002BD572 /* minion.cpp in Sources */ = {isa = PBXBuildFile; fileRef = 2644ACE40A192B90002BD572 /* minion.cpp */; };
		26D83D000CAFF4DB00625B8C /* CT_ALLDIFF_GACSLOW.cpp in Sources */ = {isa = PBXBuildFile; fileRef = 26D83CFF0CAFF4DB00625B8C /* CT_ALLDIFF_GACSLOW.cpp */; };
		26E63C830B137198009C8B64 /* get_info.cpp in Sources */ = {isa = PBXBuildFile; fileRef = 26E63C820B137198009C8B64 /* get_info.cpp */; };
		26FB021E0B63D2230062AD1B /* BuildDynamicStart.cpp in Sources */ = {isa = PBXBuildFile; fileRef = 26FB02010B63D2230062AD1B /* BuildDynamicStart.cpp */; };
		26FB021F0B63D2230062AD1B /* BuildStaticStart.cpp in Sources */ = {isa = PBXBuildFile; fileRef = 26FB02030B63D2230062AD1B /* BuildStaticStart.cpp */; };
		26FB02200B63D2230062AD1B /* CT_ALLDIFF.cpp in Sources */ = {isa = PBXBuildFile; fileRef = 26FB02060B63D2230062AD1B /* CT_ALLDIFF.cpp */; };
		26FB02210B63D2230062AD1B /* CT_DISEQ.cpp in Sources */ = {isa = PBXBuildFile; fileRef = 26FB02070B63D2230062AD1B /* CT_DISEQ.cpp */; };
		26FB02220B63D2230062AD1B /* CT_ELEMENT.cpp in Sources */ = {isa = PBXBuildFile; fileRef = 26FB02080B63D2230062AD1B /* CT_ELEMENT.cpp */; };
		26FB02230B63D2230062AD1B /* CT_EQ.cpp in Sources */ = {isa = PBXBuildFile; fileRef = 26FB02090B63D2230062AD1B /* CT_EQ.cpp */; };
		26FB02240B63D2230062AD1B /* CT_GACELEMENT.cpp in Sources */ = {isa = PBXBuildFile; fileRef = 26FB020A0B63D2230062AD1B /* CT_GACELEMENT.cpp */; };
		26FB02250B63D2230062AD1B /* CT_GEQSUM.cpp in Sources */ = {isa = PBXBuildFile; fileRef = 26FB020B0B63D2230062AD1B /* CT_GEQSUM.cpp */; };
		26FB02260B63D2230062AD1B /* CT_INEQ.cpp in Sources */ = {isa = PBXBuildFile; fileRef = 26FB020C0B63D2230062AD1B /* CT_INEQ.cpp */; };
		26FB02270B63D2230062AD1B /* CT_LEQSUM.cpp in Sources */ = {isa = PBXBuildFile; fileRef = 26FB020D0B63D2230062AD1B /* CT_LEQSUM.cpp */; };
		26FB02280B63D2230062AD1B /* CT_LEXLEQ.cpp in Sources */ = {isa = PBXBuildFile; fileRef = 26FB020E0B63D2230062AD1B /* CT_LEXLEQ.cpp */; };
		26FB02290B63D2230062AD1B /* CT_LEXLESS.cpp in Sources */ = {isa = PBXBuildFile; fileRef = 26FB020F0B63D2230062AD1B /* CT_LEXLESS.cpp */; };
		26FB022A0B63D2230062AD1B /* CT_MAX.cpp in Sources */ = {isa = PBXBuildFile; fileRef = 26FB02100B63D2230062AD1B /* CT_MAX.cpp */; };
		26FB022B0B63D2230062AD1B /* CT_MIN.cpp in Sources */ = {isa = PBXBuildFile; fileRef = 26FB02110B63D2230062AD1B /* CT_MIN.cpp */; };
		26FB022C0B63D2230062AD1B /* CT_MINUSEQ.cpp in Sources */ = {isa = PBXBuildFile; fileRef = 26FB02120B63D2230062AD1B /* CT_MINUSEQ.cpp */; };
		26FB022D0B63D2230062AD1B /* CT_OCCURRENCE.cpp in Sources */ = {isa = PBXBuildFile; fileRef = 26FB02130B63D2230062AD1B /* CT_OCCURRENCE.cpp */; };
		26FB022E0B63D2230062AD1B /* CT_POW.cpp in Sources */ = {isa = PBXBuildFile; fileRef = 26FB02140B63D2230062AD1B /* CT_POW.cpp */; };
		26FB022F0B63D2230062AD1B /* CT_PRODUCT2.cpp in Sources */ = {isa = PBXBuildFile; fileRef = 26FB02150B63D2230062AD1B /* CT_PRODUCT2.cpp */; };
		26FB02300B63D2230062AD1B /* CT_WATCHED_ELEMENT.cpp in Sources */ = {isa = PBXBuildFile; fileRef = 26FB02160B63D2230062AD1B /* CT_WATCHED_ELEMENT.cpp */; };
		26FB02310B63D2230062AD1B /* CT_WATCHED_GEQSUM.cpp in Sources */ = {isa = PBXBuildFile; fileRef = 26FB02170B63D2230062AD1B /* CT_WATCHED_GEQSUM.cpp */; };
		26FB02320B63D2230062AD1B /* CT_WATCHED_LEQSUM.cpp in Sources */ = {isa = PBXBuildFile; fileRef = 26FB02180B63D2230062AD1B /* CT_WATCHED_LEQSUM.cpp */; };
		26FB02330B63D2230062AD1B /* CT_WATCHED_LITSUM.cpp in Sources */ = {isa = PBXBuildFile; fileRef = 26FB02190B63D2230062AD1B /* CT_WATCHED_LITSUM.cpp */; };
		26FB02340B63D2230062AD1B /* CT_WATCHED_TABLE.cpp in Sources */ = {isa = PBXBuildFile; fileRef = 26FB021A0B63D2230062AD1B /* CT_WATCHED_TABLE.cpp */; };
		26FB02350B63D2230062AD1B /* CT_WATCHED_VECNEQ.cpp in Sources */ = {isa = PBXBuildFile; fileRef = 26FB021B0B63D2230062AD1B /* CT_WATCHED_VECNEQ.cpp */; };
		26FB02360B63D2230062AD1B /* CT_WEIGHTGEQSUM.cpp in Sources */ = {isa = PBXBuildFile; fileRef = 26FB021C0B63D2230062AD1B /* CT_WEIGHTGEQSUM.cpp */; };
		26FB02370B63D2230062AD1B /* CT_WEIGHTLEQSUM.cpp in Sources */ = {isa = PBXBuildFile; fileRef = 26FB021D0B63D2230062AD1B /* CT_WEIGHTLEQSUM.cpp */; };
/* End PBXBuildFile section */

/* Begin PBXFileReference section */
		26027A0B0C44ED060062B294 /* wrapper.h */ = {isa = PBXFileReference; fileEncoding = 30; lastKnownFileType = sourcecode.c.h; name = wrapper.h; path = system/wrapper.h; sourceTree = "<group>"; };
		26118CCA099A441400B9356F /* constraint_unaryequals.h */ = {isa = PBXFileReference; lastKnownFileType = sourcecode.c.h; name = constraint_unaryequals.h; path = constraints/constraint_unaryequals.h; sourceTree = "<group>"; };
		26123592098D6440003B2E40 /* constraint_equal.h */ = {isa = PBXFileReference; fileEncoding = 4; lastKnownFileType = sourcecode.c.h; name = constraint_equal.h; path = constraints/constraint_equal.h; sourceTree = "<group>"; };
		261308660AA765C6009D3F1A /* dynamic_vecneq.h */ = {isa = PBXFileReference; fileEncoding = 4; lastKnownFileType = sourcecode.c.h; name = dynamic_vecneq.h; path = dynamic_constraints/dynamic_vecneq.h; sourceTree = "<group>"; };
		26131D1209CB1D1F00ACF137 /* BuildConstraint2.cpp */ = {isa = PBXFileReference; fileEncoding = 4; lastKnownFileType = sourcecode.cpp.cpp; path = BuildConstraint2.cpp; sourceTree = "<group>"; };
		26133F97098A9BD900A2D4EC /* constants.h */ = {isa = PBXFileReference; fileEncoding = 4; lastKnownFileType = sourcecode.c.h; path = constants.h; sourceTree = "<group>"; };
		2616D09E09950EA200644F18 /* constraint_weightedboolsum.h */ = {isa = PBXFileReference; fileEncoding = 4; lastKnownFileType = sourcecode.c.h; name = constraint_weightedboolsum.h; path = constraints/constraint_weightedboolsum.h; sourceTree = "<group>"; };
		26177F7E0B0669EC00C946CF /* dynamic_3_sat.h */ = {isa = PBXFileReference; fileEncoding = 30; lastKnownFileType = sourcecode.c.h; name = dynamic_3_sat.h; path = dynamic_constraints/dynamic_3_sat.h; sourceTree = "<group>"; };
		2618160B097FA1F500E04FBD /* constraint_lex.h */ = {isa = PBXFileReference; fileEncoding = 4; lastKnownFileType = sourcecode.c.h; name = constraint_lex.h; path = constraints/constraint_lex.h; sourceTree = "<group>"; };
		261C44E2099A0B4A00FFBDCA /* Minion */ = {isa = PBXFileReference; explicitFileType = "compiled.mach-o.executable"; includeInIndex = 0; path = Minion; sourceTree = BUILT_PRODUCTS_DIR; };
		261E01FA09F7F57E004F8C91 /* tries.h */ = {isa = PBXFileReference; fileEncoding = 30; lastKnownFileType = sourcecode.c.h; name = tries.h; path = constraints/tries.h; sourceTree = "<group>"; };
		261EDC180CB78B850083ADF6 /* MemoryBlock.h */ = {isa = PBXFileReference; fileEncoding = 30; lastKnownFileType = sourcecode.c.h; name = MemoryBlock.h; path = memory_management/MemoryBlock.h; sourceTree = "<group>"; };
		261F572A0C450EFE0016D625 /* trailed_monotonic_set.h */ = {isa = PBXFileReference; fileEncoding = 30; lastKnownFileType = sourcecode.c.h; name = trailed_monotonic_set.h; path = memory_management/trailed_monotonic_set.h; sourceTree = "<group>"; };
		2623020E0AB82F1200375F37 /* tuple_container.h */ = {isa = PBXFileReference; fileEncoding = 4; lastKnownFileType = sourcecode.c.h; path = tuple_container.h; sourceTree = "<group>"; };
		2623A3CB0B0E23C500E574BC /* constraint_GACtable_master.h */ = {isa = PBXFileReference; fileEncoding = 30; lastKnownFileType = sourcecode.c.h; name = constraint_GACtable_master.h; path = constraints/constraint_GACtable_master.h; sourceTree = "<group>"; };
		2623A3CC0B0E23C500E574BC /* constraint_pow.h */ = {isa = PBXFileReference; fileEncoding = 30; lastKnownFileType = sourcecode.c.h; name = constraint_pow.h; path = constraints/constraint_pow.h; sourceTree = "<group>"; };
		2626D75609751DCD002AC405 /* intvar.h */ = {isa = PBXFileReference; fileEncoding = 4; lastKnownFileType = sourcecode.c.h; name = intvar.h; path = variables/containers/intvar.h; sourceTree = "<group>"; };
		262C59E009C785EE0027E72E /* long_intvar.h */ = {isa = PBXFileReference; fileEncoding = 4; lastKnownFileType = sourcecode.c.h; name = long_intvar.h; path = variables/containers/long_intvar.h; sourceTree = "<group>"; };
		26376D8A09884D07006D13DE /* constraint_boundtable.h */ = {isa = PBXFileReference; fileEncoding = 4; lastKnownFileType = sourcecode.c.h; name = constraint_boundtable.h; path = constraints/constraint_boundtable.h; sourceTree = "<group>"; };
		263ACB4F0C75B3DC00AE5947 /* MinionThreeInputReader.cpp */ = {isa = PBXFileReference; fileEncoding = 30; lastKnownFileType = sourcecode.cpp.cpp; path = MinionThreeInputReader.cpp; sourceTree = "<group>"; };
		2640F4670B32DD050075FB8C /* to_string.h */ = {isa = PBXFileReference; fileEncoding = 30; lastKnownFileType = sourcecode.c.h; name = to_string.h; path = system/to_string.h; sourceTree = "<group>"; };
		2643AA9509D1BCBB002E40A7 /* variable_shift.h */ = {isa = PBXFileReference; fileEncoding = 4; lastKnownFileType = sourcecode.c.h; name = variable_shift.h; path = variables/mappings/variable_shift.h; sourceTree = "<group>"; };
		2643EA700C4573CD004231DE /* constraint_setup.cpp */ = {isa = PBXFileReference; fileEncoding = 30; lastKnownFileType = sourcecode.cpp.cpp; path = constraint_setup.cpp; sourceTree = "<group>"; };
		2643EA710C4573CD004231DE /* debug_functions.cpp */ = {isa = PBXFileReference; fileEncoding = 30; lastKnownFileType = sourcecode.cpp.cpp; path = debug_functions.cpp; sourceTree = "<group>"; };
		2643EA740C4573E7004231DE /* CT_DIV.cpp */ = {isa = PBXFileReference; fileEncoding = 30; lastKnownFileType = sourcecode.cpp.cpp; name = CT_DIV.cpp; path = build_constraints/CT_DIV.cpp; sourceTree = "<group>"; };
		2643EA750C4573E7004231DE /* CT_MODULO.cpp */ = {isa = PBXFileReference; fileEncoding = 30; lastKnownFileType = sourcecode.cpp.cpp; name = CT_MODULO.cpp; path = build_constraints/CT_MODULO.cpp; sourceTree = "<group>"; };
		2643EA780C4573F6004231DE /* constraint_div.h */ = {isa = PBXFileReference; fileEncoding = 30; lastKnownFileType = sourcecode.c.h; name = constraint_div.h; path = constraints/constraint_div.h; sourceTree = "<group>"; };
		2643EA790C4573F6004231DE /* constraint_modulo.h */ = {isa = PBXFileReference; fileEncoding = 30; lastKnownFileType = sourcecode.c.h; name = constraint_modulo.h; path = constraints/constraint_modulo.h; sourceTree = "<group>"; };
		2644ACC70A1929F2002BD572 /* standard_search.h */ = {isa = PBXFileReference; fileEncoding = 4; lastKnownFileType = sourcecode.c.h; name = standard_search.h; path = search/standard_search.h; sourceTree = "<group>"; };
		2644ACE40A192B90002BD572 /* minion.cpp */ = {isa = PBXFileReference; fileEncoding = 4; lastKnownFileType = sourcecode.cpp.cpp; path = minion.cpp; sourceTree = "<group>"; };
		2644AD550A19318D002BD572 /* variables.h */ = {isa = PBXFileReference; fileEncoding = 4; lastKnownFileType = sourcecode.c.h; name = variables.h; path = variables/variables.h; sourceTree = "<group>"; };
		264C604D09F029DD00000D7F /* BuildConstraintConstructs.h */ = {isa = PBXFileReference; fileEncoding = 4; lastKnownFileType = sourcecode.c.h; path = BuildConstraintConstructs.h; sourceTree = "<group>"; };
		264E03FB09C4A7F200CCB830 /* constraint_GACtable.h */ = {isa = PBXFileReference; fileEncoding = 4; lastKnownFileType = sourcecode.c.h; name = constraint_GACtable.h; path = constraints/constraint_GACtable.h; sourceTree = "<group>"; };
		264EB89D0AFFD11D0018A3BD /* dynamic_sum_sat.h */ = {isa = PBXFileReference; fileEncoding = 30; lastKnownFileType = sourcecode.c.h; name = dynamic_sum_sat.h; path = dynamic_constraints/dynamic_sum_sat.h; sourceTree = "<group>"; };
		264EB9080B0095750018A3BD /* dynamic_binary_sat.h */ = {isa = PBXFileReference; fileEncoding = 30; lastKnownFileType = sourcecode.c.h; name = dynamic_binary_sat.h; path = dynamic_constraints/dynamic_binary_sat.h; sourceTree = "<group>"; };
		265557720A5B280000B9A732 /* linked_ptr.h */ = {isa = PBXFileReference; fileEncoding = 30; lastKnownFileType = sourcecode.c.h; name = linked_ptr.h; path = system/linked_ptr.h; sourceTree = "<group>"; };
		265557730A5B280000B9A732 /* local_array.h */ = {isa = PBXFileReference; fileEncoding = 30; lastKnownFileType = sourcecode.c.h; name = local_array.h; path = system/local_array.h; sourceTree = "<group>"; };
		2656A8D50CCB73040000971B /* defined_macros.h */ = {isa = PBXFileReference; fileEncoding = 4; lastKnownFileType = sourcecode.c.h; name = defined_macros.h; path = system/defined_macros.h; sourceTree = "<group>"; };
		266180C509866D3E004FD228 /* constraint_alldiff.h */ = {isa = PBXFileReference; fileEncoding = 30; lastKnownFileType = sourcecode.c.h; name = constraint_alldiff.h; path = constraints/constraint_alldiff.h; sourceTree = "<group>"; };
		266180C609866D3E004FD228 /* constraint_alldiff.hpp */ = {isa = PBXFileReference; fileEncoding = 30; lastKnownFileType = sourcecode.cpp.h; name = constraint_alldiff.hpp; path = constraints/constraint_alldiff.hpp; sourceTree = "<group>"; };
		266E8D4D0AAB13EB0066DA57 /* time_keeping.h */ = {isa = PBXFileReference; fileEncoding = 4; lastKnownFileType = sourcecode.c.h; name = time_keeping.h; path = system/time_keeping.h; sourceTree = "<group>"; };
		266E8DE60AAB3C530066DA57 /* constraint_GACtable_nightingale.h */ = {isa = PBXFileReference; fileEncoding = 30; lastKnownFileType = sourcecode.c.h; name = constraint_GACtable_nightingale.h; path = constraints/constraint_GACtable_nightingale.h; sourceTree = "<group>"; };
		266E8DE70AAB3C530066DA57 /* constraint_GACtable_reginlhomme.h */ = {isa = PBXFileReference; fileEncoding = 30; lastKnownFileType = sourcecode.c.h; name = constraint_GACtable_reginlhomme.h; path = constraints/constraint_GACtable_reginlhomme.h; sourceTree = "<group>"; };
		266E8DE80AAB3C530066DA57 /* constraint_GACtable_trie.h */ = {isa = PBXFileReference; fileEncoding = 30; lastKnownFileType = sourcecode.c.h; name = constraint_GACtable_trie.h; path = constraints/constraint_GACtable_trie.h; sourceTree = "<group>"; };
		266F5EAA097C0AA200D9CC72 /* backtrackable_memory.h */ = {isa = PBXFileReference; fileEncoding = 4; lastKnownFileType = sourcecode.c.h; name = backtrackable_memory.h; path = memory_management/backtrackable_memory.h; sourceTree = "<group>"; };
		2672CD0D0975702400A7C51D /* constraint_and.h */ = {isa = PBXFileReference; fileEncoding = 4; lastKnownFileType = sourcecode.c.h; name = constraint_and.h; path = constraints/constraint_and.h; sourceTree = "<group>"; };
		267889060B79D9D5007B2152 /* search_control.h */ = {isa = PBXFileReference; fileEncoding = 30; lastKnownFileType = sourcecode.c.h; name = search_control.h; path = search/search_control.h; sourceTree = "<group>"; };
		267889880B79EB6B007B2152 /* preprocess.h */ = {isa = PBXFileReference; fileEncoding = 30; lastKnownFileType = sourcecode.c.h; name = preprocess.h; path = preprocess/preprocess.h; sourceTree = "<group>"; };
		26790A870975DCC9006C6C00 /* reify.h */ = {isa = PBXFileReference; fileEncoding = 4; lastKnownFileType = sourcecode.c.h; name = reify.h; path = constraints/reify.h; sourceTree = "<group>"; };
		26808AB709D5FD8B0025DA04 /* triggers.h */ = {isa = PBXFileReference; fileEncoding = 4; lastKnownFileType = sourcecode.c.h; name = triggers.h; path = constraints/triggers.h; sourceTree = "<group>"; };
		26808B0B09D5FF820025DA04 /* function_defs.hpp */ = {isa = PBXFileReference; fileEncoding = 4; lastKnownFileType = sourcecode.cpp.h; name = function_defs.hpp; path = constraints/function_defs.hpp; sourceTree = "<group>"; };
		2684BF1C09E6EBFF003279F3 /* iterators.h */ = {isa = PBXFileReference; fileEncoding = 4; lastKnownFileType = sourcecode.c.h; name = iterators.h; path = variables/iterators.h; sourceTree = "<group>"; };
		2684BF2C09E6F3FE003279F3 /* constraint_unaryneq.h */ = {isa = PBXFileReference; fileEncoding = 4; lastKnownFileType = sourcecode.c.h; name = constraint_unaryneq.h; path = constraints/constraint_unaryneq.h; sourceTree = "<group>"; };
		2689210909DBB5C500D0472B /* dynamic_sum.h */ = {isa = PBXFileReference; fileEncoding = 4; lastKnownFileType = sourcecode.c.h; name = dynamic_sum.h; path = dynamic_constraints/dynamic_sum.h; sourceTree = "<group>"; };
		26892287097DDC7C00D08F09 /* constraint_neq.h */ = {isa = PBXFileReference; fileEncoding = 4; lastKnownFileType = sourcecode.c.h; name = constraint_neq.h; path = constraints/constraint_neq.h; sourceTree = "<group>"; };
		269174BC097EA1D400B88B0E /* constraint_min.h */ = {isa = PBXFileReference; fileEncoding = 4; lastKnownFileType = sourcecode.c.h; name = constraint_min.h; path = constraints/constraint_min.h; sourceTree = "<group>"; };
		269206DC0B2F24A40042AC2B /* recursive_search.h */ = {isa = PBXFileReference; lastKnownFileType = sourcecode.c.h; name = recursive_search.h; path = search/recursive_search.h; sourceTree = "<group>"; };
		269206E70B2F26A10042AC2B /* common_search.h */ = {isa = PBXFileReference; fileEncoding = 30; lastKnownFileType = sourcecode.c.h; name = common_search.h; path = search/common_search.h; sourceTree = "<group>"; };
		269DC8DA098451AA00F52AF2 /* trigger_list.h */ = {isa = PBXFileReference; fileEncoding = 4; lastKnownFileType = sourcecode.c.h; path = trigger_list.h; sourceTree = "<group>"; };
		26A83EEF097A923F009DD39A /* VarRefType.h */ = {isa = PBXFileReference; fileEncoding = 4; lastKnownFileType = sourcecode.c.h; name = VarRefType.h; path = variables/VarRefType.h; sourceTree = "<group>"; };
		26A857BC099B6A6200ECA923 /* CSPSpec.h */ = {isa = PBXFileReference; fileEncoding = 4; lastKnownFileType = sourcecode.c.h; path = CSPSpec.h; sourceTree = "<group>"; };
		26AAF876096D3BC300AD8C1A /* constraint.h */ = {isa = PBXFileReference; fileEncoding = 4; lastKnownFileType = sourcecode.c.h; name = constraint.h; path = constraints/constraint.h; sourceTree = "<group>"; };
		26AAF885096D3E1400AD8C1A /* booleanvariables.h */ = {isa = PBXFileReference; fileEncoding = 4; lastKnownFileType = sourcecode.c.h; name = booleanvariables.h; path = variables/containers/booleanvariables.h; sourceTree = "<group>"; };
		26AAF933096D64D200AD8C1A /* solver.h */ = {isa = PBXFileReference; fileEncoding = 4; lastKnownFileType = sourcecode.c.h; path = solver.h; sourceTree = "<group>"; };
		26AAF950096D66AE00AD8C1A /* constraint_sum.h */ = {isa = PBXFileReference; fileEncoding = 4; lastKnownFileType = sourcecode.c.h; name = constraint_sum.h; path = constraints/constraint_sum.h; sourceTree = "<group>"; };
		26AB0F7E0C4BA3E000A0B426 /* debug.h */ = {isa = PBXFileReference; fileEncoding = 30; lastKnownFileType = sourcecode.c.h; path = debug.h; sourceTree = "<group>"; };
		26AB0F7F0C4BA3E000A0B426 /* light_vector.h */ = {isa = PBXFileReference; fileEncoding = 30; lastKnownFileType = sourcecode.c.h; path = light_vector.h; sourceTree = "<group>"; };
		26AB0F800C4BA3E000A0B426 /* linked_ptr.h */ = {isa = PBXFileReference; fileEncoding = 30; lastKnownFileType = sourcecode.c.h; path = linked_ptr.h; sourceTree = "<group>"; };
		26AB0F810C4BA3E000A0B426 /* local_array.h */ = {isa = PBXFileReference; fileEncoding = 30; lastKnownFileType = sourcecode.c.h; path = local_array.h; sourceTree = "<group>"; };
		26AB0F820C4BA3E000A0B426 /* sys_constants.h */ = {isa = PBXFileReference; fileEncoding = 30; lastKnownFileType = sourcecode.c.h; path = sys_constants.h; sourceTree = "<group>"; };
		26AB0F830C4BA3E000A0B426 /* system.h */ = {isa = PBXFileReference; fileEncoding = 30; lastKnownFileType = sourcecode.c.h; path = system.h; sourceTree = "<group>"; };
		26AB0F840C4BA3E000A0B426 /* time_keeping.h */ = {isa = PBXFileReference; fileEncoding = 30; lastKnownFileType = sourcecode.c.h; path = time_keeping.h; sourceTree = "<group>"; };
		26AB0F850C4BA3E000A0B426 /* to_string.h */ = {isa = PBXFileReference; fileEncoding = 30; lastKnownFileType = sourcecode.c.h; path = to_string.h; sourceTree = "<group>"; };
		26AB0F860C4BA3E000A0B426 /* wrapper.h */ = {isa = PBXFileReference; fileEncoding = 30; lastKnownFileType = sourcecode.c.h; path = wrapper.h; sourceTree = "<group>"; };
		26ABEEF0099415F400F94E03 /* nonbacktrack_memory.h */ = {isa = PBXFileReference; fileEncoding = 4; lastKnownFileType = sourcecode.c.h; name = nonbacktrack_memory.h; path = memory_management/nonbacktrack_memory.h; sourceTree = "<group>"; };
		26B4A05609F42A1D00C7E8A2 /* dynamic_element.h */ = {isa = PBXFileReference; fileEncoding = 4; lastKnownFileType = sourcecode.c.h; name = dynamic_element.h; path = dynamic_constraints/dynamic_element.h; sourceTree = "<group>"; };
		26B537A20981633E00902866 /* constraint_less.h */ = {isa = PBXFileReference; fileEncoding = 4; lastKnownFileType = sourcecode.c.h; name = constraint_less.h; path = constraints/constraint_less.h; sourceTree = "<group>"; };
		26B99BD609979C0E009D27F0 /* reify_true.h */ = {isa = PBXFileReference; fileEncoding = 4; lastKnownFileType = sourcecode.c.h; name = reify_true.h; path = constraints/reify_true.h; sourceTree = "<group>"; };
		26BA221E0974427C0044D9C1 /* solver2.h */ = {isa = PBXFileReference; fileEncoding = 4; lastKnownFileType = sourcecode.c.h; path = solver2.h; sourceTree = "<group>"; };
		26C1B86309D04F4100DF3026 /* variable_switch_neg.h */ = {isa = PBXFileReference; fileEncoding = 4; lastKnownFileType = sourcecode.c.h; name = variable_switch_neg.h; path = variables/mappings/variable_switch_neg.h; sourceTree = "<group>"; };
		26C1B8B009D05AD200DF3026 /* constraint_lightsum.h */ = {isa = PBXFileReference; fileEncoding = 4; lastKnownFileType = sourcecode.c.h; name = constraint_lightsum.h; path = constraints/constraint_lightsum.h; sourceTree = "<group>"; };
		26C815EA0AA6CD9600B265B3 /* constraint_checkassign.h */ = {isa = PBXFileReference; fileEncoding = 4; lastKnownFileType = sourcecode.c.h; name = constraint_checkassign.h; path = constraints/constraint_checkassign.h; sourceTree = "<group>"; };
		26CA01FE0998C43C0064B996 /* MinionInputReader.cpp */ = {isa = PBXFileReference; fileEncoding = 30; lastKnownFileType = sourcecode.cpp.cpp; path = MinionInputReader.cpp; sourceTree = "<group>"; };
		26CA01FF0998C43C0064B996 /* MinionInputReader.h */ = {isa = PBXFileReference; fileEncoding = 30; lastKnownFileType = sourcecode.c.h; path = MinionInputReader.h; sourceTree = "<group>"; };
		26CD0D5C0A1B810E007D8889 /* standard_queue.h */ = {isa = PBXFileReference; fileEncoding = 4; lastKnownFileType = sourcecode.c.h; name = standard_queue.h; path = queue/standard_queue.h; sourceTree = "<group>"; };
		26CD0D650A1B8210007D8889 /* constraint_setup.h */ = {isa = PBXFileReference; fileEncoding = 4; lastKnownFileType = sourcecode.c.h; path = constraint_setup.h; sourceTree = "<group>"; };
		26CD0D980A1B8590007D8889 /* test_functions.h */ = {isa = PBXFileReference; fileEncoding = 4; lastKnownFileType = sourcecode.c.h; path = test_functions.h; sourceTree = "<group>"; };
		26CD8B000ACA639B00688A66 /* dynamic_literalwatch.h */ = {isa = PBXFileReference; fileEncoding = 4; lastKnownFileType = sourcecode.c.h; name = dynamic_literalwatch.h; path = dynamic_constraints/dynamic_literalwatch.h; sourceTree = "<group>"; };
		26CDE8F7099BF9C500C985F3 /* BuildConstraint.h */ = {isa = PBXFileReference; fileEncoding = 4; lastKnownFileType = sourcecode.c.h; path = BuildConstraint.h; sourceTree = "<group>"; };
		26CE28F00A234F8400110C21 /* AnyVarRef.h */ = {isa = PBXFileReference; fileEncoding = 4; lastKnownFileType = sourcecode.c.h; name = AnyVarRef.h; path = variables/AnyVarRef.h; sourceTree = "<group>"; };
		26CFEBEC0AA64E5A00A35D56 /* VariableOrders.h */ = {isa = PBXFileReference; fileEncoding = 4; lastKnownFileType = sourcecode.c.h; name = VariableOrders.h; path = search/VariableOrders.h; sourceTree = "<group>"; };
		26D83CAF0CAFB92000625B8C /* constraint_alldiff_gac_slow.h */ = {isa = PBXFileReference; fileEncoding = 30; lastKnownFileType = sourcecode.c.h; name = constraint_alldiff_gac_slow.h; path = constraints/constraint_alldiff_gac_slow.h; sourceTree = "<group>"; };
		26D83CB00CAFB94800625B8C /* array_functions.h */ = {isa = PBXFileReference; fileEncoding = 30; lastKnownFileType = sourcecode.c.h; name = array_functions.h; path = system/array_functions.h; sourceTree = "<group>"; };
		26D83CB10CAFB94800625B8C /* tableout.h */ = {isa = PBXFileReference; fileEncoding = 30; lastKnownFileType = sourcecode.c.h; name = tableout.h; path = system/tableout.h; sourceTree = "<group>"; };
		26D83CFF0CAFF4DB00625B8C /* CT_ALLDIFF_GACSLOW.cpp */ = {isa = PBXFileReference; fileEncoding = 30; lastKnownFileType = sourcecode.cpp.cpp; name = CT_ALLDIFF_GACSLOW.cpp; path = build_constraints/CT_ALLDIFF_GACSLOW.cpp; sourceTree = "<group>"; };
		26DB943709F84BE1001A1230 /* constraint_GACelement.h */ = {isa = PBXFileReference; fileEncoding = 4; lastKnownFileType = sourcecode.c.h; name = constraint_GACelement.h; path = constraints/constraint_GACelement.h; sourceTree = "<group>"; };
		26DFA2ED0B919A0F003A2B4E /* light_vector.h */ = {isa = PBXFileReference; fileEncoding = 30; lastKnownFileType = sourcecode.c.h; name = light_vector.h; path = system/light_vector.h; sourceTree = "<group>"; };
		26E1C004098401610061B982 /* constraint_occurrance.h */ = {isa = PBXFileReference; fileEncoding = 4; lastKnownFileType = sourcecode.c.h; name = constraint_occurrance.h; path = constraints/constraint_occurrance.h; sourceTree = "<group>"; };
		26E1C09E098413D40061B982 /* constraint_element.h */ = {isa = PBXFileReference; fileEncoding = 4; lastKnownFileType = sourcecode.c.h; name = constraint_element.h; path = constraints/constraint_element.h; sourceTree = "<group>"; };
		26E34D160970235600058E70 /* minion.h */ = {isa = PBXFileReference; fileEncoding = 4; lastKnownFileType = sourcecode.c.h; path = minion.h; sourceTree = "<group>"; };
		26E34DE009702EE500058E70 /* reversible_vals.h */ = {isa = PBXFileReference; fileEncoding = 4; lastKnownFileType = sourcecode.c.h; path = reversible_vals.h; sourceTree = "<group>"; };
		26E34F010970430000058E70 /* constraint_table.h */ = {isa = PBXFileReference; fileEncoding = 4; lastKnownFileType = sourcecode.c.h; name = constraint_table.h; path = constraints/constraint_table.h; sourceTree = "<group>"; };
		26E5836209BCA68A0054CB5E /* constraint_product.h */ = {isa = PBXFileReference; lastKnownFileType = sourcecode.c.h; name = constraint_product.h; path = constraints/constraint_product.h; sourceTree = "<group>"; };
		26E63C820B137198009C8B64 /* get_info.cpp */ = {isa = PBXFileReference; fileEncoding = 30; lastKnownFileType = sourcecode.cpp.cpp; path = get_info.cpp; sourceTree = "<group>"; };
		26E63C840B1371A5009C8B64 /* get_info.h */ = {isa = PBXFileReference; fileEncoding = 30; lastKnownFileType = sourcecode.c.h; name = get_info.h; path = get_info/get_info.h; sourceTree = "<group>"; };
		26E63C850B1371A5009C8B64 /* info_var_wrapper.h */ = {isa = PBXFileReference; fileEncoding = 30; lastKnownFileType = sourcecode.c.h; name = info_var_wrapper.h; path = get_info/info_var_wrapper.h; sourceTree = "<group>"; };
		26E67A00097EFB4200D77BA8 /* constraint_fullsum.h */ = {isa = PBXFileReference; fileEncoding = 4; lastKnownFileType = sourcecode.c.h; name = constraint_fullsum.h; path = constraints/constraint_fullsum.h; sourceTree = "<group>"; };
		26EECAFD0988D2C9008A73CF /* variable_neg.h */ = {isa = PBXFileReference; fileEncoding = 4; lastKnownFileType = sourcecode.c.h; name = variable_neg.h; path = variables/mappings/variable_neg.h; sourceTree = "<group>"; };
		26EECB030988D2F4008A73CF /* variable_constant.h */ = {isa = PBXFileReference; fileEncoding = 4; lastKnownFileType = sourcecode.c.h; name = variable_constant.h; path = variables/mappings/variable_constant.h; sourceTree = "<group>"; };
		26EECB070988D316008A73CF /* variable_stretch.h */ = {isa = PBXFileReference; fileEncoding = 4; lastKnownFileType = sourcecode.c.h; name = variable_stretch.h; path = variables/mappings/variable_stretch.h; sourceTree = "<group>"; };
		26EF146D099807D500D13443 /* variable_not.h */ = {isa = PBXFileReference; fileEncoding = 4; lastKnownFileType = sourcecode.c.h; name = variable_not.h; path = variables/mappings/variable_not.h; sourceTree = "<group>"; };
		26F697350986C15200D3B93B /* intboundvar.h */ = {isa = PBXFileReference; fileEncoding = 4; lastKnownFileType = sourcecode.c.h; name = intboundvar.h; path = variables/containers/intboundvar.h; sourceTree = "<group>"; };
		26F698170986D88000D3B93B /* sparse_intboundvar.h */ = {isa = PBXFileReference; fileEncoding = 4; lastKnownFileType = sourcecode.c.h; name = sparse_intboundvar.h; path = variables/containers/sparse_intboundvar.h; sourceTree = "<group>"; };
		26F9065B0B793B340080F506 /* search_methods.h */ = {isa = PBXFileReference; fileEncoding = 30; lastKnownFileType = sourcecode.c.h; name = search_methods.h; path = search/search_methods.h; sourceTree = "<group>"; };
		26F9C71E09E703D000F2865A /* README */ = {isa = PBXFileReference; fileEncoding = 30; lastKnownFileType = text; path = README; sourceTree = "<group>"; };
		26FB01FF0B63D2230062AD1B /* build_helper.h */ = {isa = PBXFileReference; fileEncoding = 30; lastKnownFileType = sourcecode.c.h; name = build_helper.h; path = build_constraints/build_helper.h; sourceTree = "<group>"; };
		26FB02000B63D2230062AD1B /* BuildConstraintsStart.h */ = {isa = PBXFileReference; fileEncoding = 30; lastKnownFileType = sourcecode.c.h; name = BuildConstraintsStart.h; path = build_constraints/BuildConstraintsStart.h; sourceTree = "<group>"; };
		26FB02010B63D2230062AD1B /* BuildDynamicStart.cpp */ = {isa = PBXFileReference; fileEncoding = 30; lastKnownFileType = sourcecode.cpp.cpp; name = BuildDynamicStart.cpp; path = build_constraints/BuildDynamicStart.cpp; sourceTree = "<group>"; };
		26FB02020B63D2230062AD1B /* BuildStart.h */ = {isa = PBXFileReference; fileEncoding = 30; lastKnownFileType = sourcecode.c.h; name = BuildStart.h; path = build_constraints/BuildStart.h; sourceTree = "<group>"; };
		26FB02030B63D2230062AD1B /* BuildStaticStart.cpp */ = {isa = PBXFileReference; fileEncoding = 30; lastKnownFileType = sourcecode.cpp.cpp; name = BuildStaticStart.cpp; path = build_constraints/BuildStaticStart.cpp; sourceTree = "<group>"; };
		26FB02040B63D2230062AD1B /* constraint_defs.h */ = {isa = PBXFileReference; fileEncoding = 30; lastKnownFileType = sourcecode.c.h; name = constraint_defs.h; path = build_constraints/constraint_defs.h; sourceTree = "<group>"; };
		26FB02050B63D2230062AD1B /* ConstraintList */ = {isa = PBXFileReference; fileEncoding = 30; lastKnownFileType = text; name = ConstraintList; path = build_constraints/ConstraintList; sourceTree = "<group>"; };
		26FB02060B63D2230062AD1B /* CT_ALLDIFF.cpp */ = {isa = PBXFileReference; fileEncoding = 30; lastKnownFileType = sourcecode.cpp.cpp; name = CT_ALLDIFF.cpp; path = build_constraints/CT_ALLDIFF.cpp; sourceTree = "<group>"; };
		26FB02070B63D2230062AD1B /* CT_DISEQ.cpp */ = {isa = PBXFileReference; fileEncoding = 30; lastKnownFileType = sourcecode.cpp.cpp; name = CT_DISEQ.cpp; path = build_constraints/CT_DISEQ.cpp; sourceTree = "<group>"; };
		26FB02080B63D2230062AD1B /* CT_ELEMENT.cpp */ = {isa = PBXFileReference; fileEncoding = 30; lastKnownFileType = sourcecode.cpp.cpp; name = CT_ELEMENT.cpp; path = build_constraints/CT_ELEMENT.cpp; sourceTree = "<group>"; };
		26FB02090B63D2230062AD1B /* CT_EQ.cpp */ = {isa = PBXFileReference; fileEncoding = 30; lastKnownFileType = sourcecode.cpp.cpp; name = CT_EQ.cpp; path = build_constraints/CT_EQ.cpp; sourceTree = "<group>"; };
		26FB020A0B63D2230062AD1B /* CT_GACELEMENT.cpp */ = {isa = PBXFileReference; fileEncoding = 30; lastKnownFileType = sourcecode.cpp.cpp; name = CT_GACELEMENT.cpp; path = build_constraints/CT_GACELEMENT.cpp; sourceTree = "<group>"; };
		26FB020B0B63D2230062AD1B /* CT_GEQSUM.cpp */ = {isa = PBXFileReference; fileEncoding = 30; lastKnownFileType = sourcecode.cpp.cpp; name = CT_GEQSUM.cpp; path = build_constraints/CT_GEQSUM.cpp; sourceTree = "<group>"; };
		26FB020C0B63D2230062AD1B /* CT_INEQ.cpp */ = {isa = PBXFileReference; fileEncoding = 30; lastKnownFileType = sourcecode.cpp.cpp; name = CT_INEQ.cpp; path = build_constraints/CT_INEQ.cpp; sourceTree = "<group>"; };
		26FB020D0B63D2230062AD1B /* CT_LEQSUM.cpp */ = {isa = PBXFileReference; fileEncoding = 30; lastKnownFileType = sourcecode.cpp.cpp; name = CT_LEQSUM.cpp; path = build_constraints/CT_LEQSUM.cpp; sourceTree = "<group>"; };
		26FB020E0B63D2230062AD1B /* CT_LEXLEQ.cpp */ = {isa = PBXFileReference; fileEncoding = 30; lastKnownFileType = sourcecode.cpp.cpp; name = CT_LEXLEQ.cpp; path = build_constraints/CT_LEXLEQ.cpp; sourceTree = "<group>"; };
		26FB020F0B63D2230062AD1B /* CT_LEXLESS.cpp */ = {isa = PBXFileReference; fileEncoding = 30; lastKnownFileType = sourcecode.cpp.cpp; name = CT_LEXLESS.cpp; path = build_constraints/CT_LEXLESS.cpp; sourceTree = "<group>"; };
		26FB02100B63D2230062AD1B /* CT_MAX.cpp */ = {isa = PBXFileReference; fileEncoding = 30; lastKnownFileType = sourcecode.cpp.cpp; name = CT_MAX.cpp; path = build_constraints/CT_MAX.cpp; sourceTree = "<group>"; };
		26FB02110B63D2230062AD1B /* CT_MIN.cpp */ = {isa = PBXFileReference; fileEncoding = 30; lastKnownFileType = sourcecode.cpp.cpp; name = CT_MIN.cpp; path = build_constraints/CT_MIN.cpp; sourceTree = "<group>"; };
		26FB02120B63D2230062AD1B /* CT_MINUSEQ.cpp */ = {isa = PBXFileReference; fileEncoding = 30; lastKnownFileType = sourcecode.cpp.cpp; name = CT_MINUSEQ.cpp; path = build_constraints/CT_MINUSEQ.cpp; sourceTree = "<group>"; };
		26FB02130B63D2230062AD1B /* CT_OCCURRENCE.cpp */ = {isa = PBXFileReference; fileEncoding = 30; lastKnownFileType = sourcecode.cpp.cpp; name = CT_OCCURRENCE.cpp; path = build_constraints/CT_OCCURRENCE.cpp; sourceTree = "<group>"; };
		26FB02140B63D2230062AD1B /* CT_POW.cpp */ = {isa = PBXFileReference; fileEncoding = 30; lastKnownFileType = sourcecode.cpp.cpp; name = CT_POW.cpp; path = build_constraints/CT_POW.cpp; sourceTree = "<group>"; };
		26FB02150B63D2230062AD1B /* CT_PRODUCT2.cpp */ = {isa = PBXFileReference; fileEncoding = 30; lastKnownFileType = sourcecode.cpp.cpp; name = CT_PRODUCT2.cpp; path = build_constraints/CT_PRODUCT2.cpp; sourceTree = "<group>"; };
		26FB02160B63D2230062AD1B /* CT_WATCHED_ELEMENT.cpp */ = {isa = PBXFileReference; fileEncoding = 30; lastKnownFileType = sourcecode.cpp.cpp; name = CT_WATCHED_ELEMENT.cpp; path = build_constraints/CT_WATCHED_ELEMENT.cpp; sourceTree = "<group>"; };
		26FB02170B63D2230062AD1B /* CT_WATCHED_GEQSUM.cpp */ = {isa = PBXFileReference; fileEncoding = 30; lastKnownFileType = sourcecode.cpp.cpp; name = CT_WATCHED_GEQSUM.cpp; path = build_constraints/CT_WATCHED_GEQSUM.cpp; sourceTree = "<group>"; };
		26FB02180B63D2230062AD1B /* CT_WATCHED_LEQSUM.cpp */ = {isa = PBXFileReference; fileEncoding = 30; lastKnownFileType = sourcecode.cpp.cpp; name = CT_WATCHED_LEQSUM.cpp; path = build_constraints/CT_WATCHED_LEQSUM.cpp; sourceTree = "<group>"; };
		26FB02190B63D2230062AD1B /* CT_WATCHED_LITSUM.cpp */ = {isa = PBXFileReference; fileEncoding = 30; lastKnownFileType = sourcecode.cpp.cpp; name = CT_WATCHED_LITSUM.cpp; path = build_constraints/CT_WATCHED_LITSUM.cpp; sourceTree = "<group>"; };
		26FB021A0B63D2230062AD1B /* CT_WATCHED_TABLE.cpp */ = {isa = PBXFileReference; fileEncoding = 30; lastKnownFileType = sourcecode.cpp.cpp; name = CT_WATCHED_TABLE.cpp; path = build_constraints/CT_WATCHED_TABLE.cpp; sourceTree = "<group>"; };
		26FB021B0B63D2230062AD1B /* CT_WATCHED_VECNEQ.cpp */ = {isa = PBXFileReference; fileEncoding = 30; lastKnownFileType = sourcecode.cpp.cpp; name = CT_WATCHED_VECNEQ.cpp; path = build_constraints/CT_WATCHED_VECNEQ.cpp; sourceTree = "<group>"; };
		26FB021C0B63D2230062AD1B /* CT_WEIGHTGEQSUM.cpp */ = {isa = PBXFileReference; fileEncoding = 30; lastKnownFileType = sourcecode.cpp.cpp; name = CT_WEIGHTGEQSUM.cpp; path = build_constraints/CT_WEIGHTGEQSUM.cpp; sourceTree = "<group>"; };
		26FB021D0B63D2230062AD1B /* CT_WEIGHTLEQSUM.cpp */ = {isa = PBXFileReference; fileEncoding = 30; lastKnownFileType = sourcecode.cpp.cpp; name = CT_WEIGHTLEQSUM.cpp; path = build_constraints/CT_WEIGHTLEQSUM.cpp; sourceTree = "<group>"; };
		26FC06F409CB68D500153DA6 /* constraint_dynamic.h */ = {isa = PBXFileReference; fileEncoding = 4; lastKnownFileType = sourcecode.c.h; name = constraint_dynamic.h; path = constraints/constraint_dynamic.h; sourceTree = "<group>"; };
/* End PBXFileReference section */

/* Begin PBXFrameworksBuildPhase section */
		261C44E0099A0B4A00FFBDCA /* Frameworks */ = {
			isa = PBXFrameworksBuildPhase;
			buildActionMask = 2147483647;
			files = (
			);
			runOnlyForDeploymentPostprocessing = 0;
		};
/* End PBXFrameworksBuildPhase section */

/* Begin PBXGroup section */
		08FB7794FE84155DC02AAC07 /* cutecsp */ = {
			isa = PBXGroup;
			children = (
				26AB0F7D0C4BA3E000A0B426 /* system */,
				26FB02380B63D22C0062AD1B /* Auto */,
				08FB7795FE84155DC02AAC07 /* Source */,
				26F697FD0986D79A00D3B93B /* variables */,
				2689211009DBB65000D0472B /* Dynamic Constraints */,
				26F697FC0986D78E00D3B93B /* constraints */,
				1AB674ADFE9D54B511CA2CBB /* Products */,
			);
			name = cutecsp;
			sourceTree = "<group>";
		};
		08FB7795FE84155DC02AAC07 /* Source */ = {
			isa = PBXGroup;
			children = (
				260A0A4F0C3BB39A00CFEEE1 /* FrontEnd */,
				260A0A490C3BB32600CFEEE1 /* Queue */,
				260A0A420C3BB28700CFEEE1 /* BuildConstraints */,
				260A0A400C3BB25A00CFEEE1 /* MemoryManagement */,
				260A0A3C0C3BB20A00CFEEE1 /* System */,
				260A0A3B0C3BB1D400CFEEE1 /* SearchMethods */,
				267889880B79EB6B007B2152 /* preprocess.h */,
				26FB02050B63D2230062AD1B /* ConstraintList */,
				269DC8DA098451AA00F52AF2 /* trigger_list.h */,
				26E34D160970235600058E70 /* minion.h */,
				26F9C71E09E703D000F2865A /* README */,
				26AAF933096D64D200AD8C1A /* solver.h */,
				26BA221E0974427C0044D9C1 /* solver2.h */,
				26CD0D980A1B8590007D8889 /* test_functions.h */,
				26CD0D650A1B8210007D8889 /* constraint_setup.h */,
			);
			name = Source;
			sourceTree = "<group>";
		};
		1AB674ADFE9D54B511CA2CBB /* Products */ = {
			isa = PBXGroup;
			children = (
				261C44E2099A0B4A00FFBDCA /* Minion */,
			);
			name = Products;
			sourceTree = "<group>";
		};
		260A0A3B0C3BB1D400CFEEE1 /* SearchMethods */ = {
			isa = PBXGroup;
			children = (
				267889060B79D9D5007B2152 /* search_control.h */,
				2644ACC70A1929F2002BD572 /* standard_search.h */,
				269206E70B2F26A10042AC2B /* common_search.h */,
				269206DC0B2F24A40042AC2B /* recursive_search.h */,
				26F9065B0B793B340080F506 /* search_methods.h */,
				26CFEBEC0AA64E5A00A35D56 /* VariableOrders.h */,
			);
			name = SearchMethods;
			sourceTree = "<group>";
		};
		260A0A3C0C3BB20A00CFEEE1 /* System */ = {
			isa = PBXGroup;
			children = (
				26D83CB00CAFB94800625B8C /* array_functions.h */,
				26D83CB10CAFB94800625B8C /* tableout.h */,
				26DFA2ED0B919A0F003A2B4E /* light_vector.h */,
				266E8D4D0AAB13EB0066DA57 /* time_keeping.h */,
				2640F4670B32DD050075FB8C /* to_string.h */,
				265557720A5B280000B9A732 /* linked_ptr.h */,
				265557730A5B280000B9A732 /* local_array.h */,
				26133F97098A9BD900A2D4EC /* constants.h */,
				26027A0B0C44ED060062B294 /* wrapper.h */,
				26E63C820B137198009C8B64 /* get_info.cpp */,
				26E63C840B1371A5009C8B64 /* get_info.h */,
			);
			name = System;
			sourceTree = "<group>";
		};
		260A0A400C3BB25A00CFEEE1 /* MemoryManagement */ = {
			isa = PBXGroup;
			children = (
				261EDC180CB78B850083ADF6 /* MemoryBlock.h */,
				266F5EAA097C0AA200D9CC72 /* backtrackable_memory.h */,
				26ABEEF0099415F400F94E03 /* nonbacktrack_memory.h */,
				26E34DE009702EE500058E70 /* reversible_vals.h */,
				261F572A0C450EFE0016D625 /* trailed_monotonic_set.h */,
			);
			name = MemoryManagement;
			sourceTree = "<group>";
		};
		260A0A420C3BB28700CFEEE1 /* BuildConstraints */ = {
			isa = PBXGroup;
			children = (
				26FB01FF0B63D2230062AD1B /* build_helper.h */,
				26FB02000B63D2230062AD1B /* BuildConstraintsStart.h */,
				26FB02010B63D2230062AD1B /* BuildDynamicStart.cpp */,
				26FB02020B63D2230062AD1B /* BuildStart.h */,
				264C604D09F029DD00000D7F /* BuildConstraintConstructs.h */,
				26CDE8F7099BF9C500C985F3 /* BuildConstraint.h */,
				26FB02030B63D2230062AD1B /* BuildStaticStart.cpp */,
				26FB02040B63D2230062AD1B /* constraint_defs.h */,
				26131D1209CB1D1F00ACF137 /* BuildConstraint2.cpp */,
			);
			name = BuildConstraints;
			sourceTree = "<group>";
		};
		260A0A490C3BB32600CFEEE1 /* Queue */ = {
			isa = PBXGroup;
			children = (
				26CD0D5C0A1B810E007D8889 /* standard_queue.h */,
			);
			name = Queue;
			sourceTree = "<group>";
		};
		260A0A4F0C3BB39A00CFEEE1 /* FrontEnd */ = {
			isa = PBXGroup;
			children = (
				2656A8D50CCB73040000971B /* defined_macros.h */,
				26CA01FE0998C43C0064B996 /* MinionInputReader.cpp */,
				2644ACE40A192B90002BD572 /* minion.cpp */,
				26CA01FF0998C43C0064B996 /* MinionInputReader.h */,
				263ACB4F0C75B3DC00AE5947 /* MinionThreeInputReader.cpp */,
				26A857BC099B6A6200ECA923 /* CSPSpec.h */,
			);
			name = FrontEnd;
			sourceTree = "<group>";
		};
		2689211009DBB65000D0472B /* Dynamic Constraints */ = {
			isa = PBXGroup;
			children = (
				261308660AA765C6009D3F1A /* dynamic_vecneq.h */,
				26CD8B000ACA639B00688A66 /* dynamic_literalwatch.h */,
				26B4A05609F42A1D00C7E8A2 /* dynamic_element.h */,
				2689210909DBB5C500D0472B /* dynamic_sum.h */,
				264EB89D0AFFD11D0018A3BD /* dynamic_sum_sat.h */,
				26177F7E0B0669EC00C946CF /* dynamic_3_sat.h */,
				264EB9080B0095750018A3BD /* dynamic_binary_sat.h */,
				261E01FA09F7F57E004F8C91 /* tries.h */,
				2623A3CB0B0E23C500E574BC /* constraint_GACtable_master.h */,
				266E8DE60AAB3C530066DA57 /* constraint_GACtable_nightingale.h */,
				266E8DE70AAB3C530066DA57 /* constraint_GACtable_reginlhomme.h */,
				266E8DE80AAB3C530066DA57 /* constraint_GACtable_trie.h */,
				264E03FB09C4A7F200CCB830 /* constraint_GACtable.h */,
				2623020E0AB82F1200375F37 /* tuple_container.h */,
			);
			name = "Dynamic Constraints";
			sourceTree = "<group>";
		};
		26AB0F7D0C4BA3E000A0B426 /* system */ = {
			isa = PBXGroup;
			children = (
				26AB0F7E0C4BA3E000A0B426 /* debug.h */,
				26AB0F7F0C4BA3E000A0B426 /* light_vector.h */,
				26AB0F800C4BA3E000A0B426 /* linked_ptr.h */,
				26AB0F810C4BA3E000A0B426 /* local_array.h */,
				26AB0F820C4BA3E000A0B426 /* sys_constants.h */,
				26AB0F830C4BA3E000A0B426 /* system.h */,
				26AB0F840C4BA3E000A0B426 /* time_keeping.h */,
				26AB0F850C4BA3E000A0B426 /* to_string.h */,
				26AB0F860C4BA3E000A0B426 /* wrapper.h */,
			);
			path = system;
			sourceTree = "<group>";
		};
		26F697FC0986D78E00D3B93B /* constraints */ = {
			isa = PBXGroup;
			children = (
				26D83CAF0CAFB92000625B8C /* constraint_alldiff_gac_slow.h */,
				2623A3CC0B0E23C500E574BC /* constraint_pow.h */,
				26FC06F409CB68D500153DA6 /* constraint_dynamic.h */,
				26AAF876096D3BC300AD8C1A /* constraint.h */,
				26808B0B09D5FF820025DA04 /* function_defs.hpp */,
				26790A870975DCC9006C6C00 /* reify.h */,
				26B99BD609979C0E009D27F0 /* reify_true.h */,
				26808AB709D5FD8B0025DA04 /* triggers.h */,
				2616D09E09950EA200644F18 /* constraint_weightedboolsum.h */,
				266180C509866D3E004FD228 /* constraint_alldiff.h */,
				26E1C004098401610061B982 /* constraint_occurrance.h */,
				269174BC097EA1D400B88B0E /* constraint_min.h */,
				26376D8A09884D07006D13DE /* constraint_boundtable.h */,
				2618160B097FA1F500E04FBD /* constraint_lex.h */,
				266180C609866D3E004FD228 /* constraint_alldiff.hpp */,
				26123592098D6440003B2E40 /* constraint_equal.h */,
				26892287097DDC7C00D08F09 /* constraint_neq.h */,
				26AAF950096D66AE00AD8C1A /* constraint_sum.h */,
				26B537A20981633E00902866 /* constraint_less.h */,
				26C1B8B009D05AD200DF3026 /* constraint_lightsum.h */,
				26E34F010970430000058E70 /* constraint_table.h */,
				2672CD0D0975702400A7C51D /* constraint_and.h */,
				26E67A00097EFB4200D77BA8 /* constraint_fullsum.h */,
				26DB943709F84BE1001A1230 /* constraint_GACelement.h */,
				26E1C09E098413D40061B982 /* constraint_element.h */,
				26118CCA099A441400B9356F /* constraint_unaryequals.h */,
				2684BF2C09E6F3FE003279F3 /* constraint_unaryneq.h */,
				26E5836209BCA68A0054CB5E /* constraint_product.h */,
				26C815EA0AA6CD9600B265B3 /* constraint_checkassign.h */,
			);
			name = constraints;
			sourceTree = "<group>";
		};
		26F697FD0986D79A00D3B93B /* variables */ = {
			isa = PBXGroup;
			children = (
				26C1B86309D04F4100DF3026 /* variable_switch_neg.h */,
				26E63C850B1371A5009C8B64 /* info_var_wrapper.h */,
				26EF146D099807D500D13443 /* variable_not.h */,
				26EECB070988D316008A73CF /* variable_stretch.h */,
				26EECB030988D2F4008A73CF /* variable_constant.h */,
				26EECAFD0988D2C9008A73CF /* variable_neg.h */,
				2643AA9509D1BCBB002E40A7 /* variable_shift.h */,
				26F698170986D88000D3B93B /* sparse_intboundvar.h */,
				26AAF885096D3E1400AD8C1A /* booleanvariables.h */,
				26A83EEF097A923F009DD39A /* VarRefType.h */,
				26CE28F00A234F8400110C21 /* AnyVarRef.h */,
				2626D75609751DCD002AC405 /* intvar.h */,
				262C59E009C785EE0027E72E /* long_intvar.h */,
				26F697350986C15200D3B93B /* intboundvar.h */,
				2644AD550A19318D002BD572 /* variables.h */,
				2684BF1C09E6EBFF003279F3 /* iterators.h */,
			);
			name = variables;
			sourceTree = "<group>";
		};
		26FB02380B63D22C0062AD1B /* Auto */ = {
			isa = PBXGroup;
			children = (
				2643EA780C4573F6004231DE /* constraint_div.h */,
				2643EA790C4573F6004231DE /* constraint_modulo.h */,
				2643EA740C4573E7004231DE /* CT_DIV.cpp */,
				2643EA750C4573E7004231DE /* CT_MODULO.cpp */,
				2643EA700C4573CD004231DE /* constraint_setup.cpp */,
				2643EA710C4573CD004231DE /* debug_functions.cpp */,
				26FB02060B63D2230062AD1B /* CT_ALLDIFF.cpp */,
				26D83CFF0CAFF4DB00625B8C /* CT_ALLDIFF_GACSLOW.cpp */,
				26FB02070B63D2230062AD1B /* CT_DISEQ.cpp */,
				26FB02080B63D2230062AD1B /* CT_ELEMENT.cpp */,
				26FB02090B63D2230062AD1B /* CT_EQ.cpp */,
				26FB020A0B63D2230062AD1B /* CT_GACELEMENT.cpp */,
				26FB020B0B63D2230062AD1B /* CT_GEQSUM.cpp */,
				26FB020C0B63D2230062AD1B /* CT_INEQ.cpp */,
				26FB020D0B63D2230062AD1B /* CT_LEQSUM.cpp */,
				26FB020E0B63D2230062AD1B /* CT_LEXLEQ.cpp */,
				26FB020F0B63D2230062AD1B /* CT_LEXLESS.cpp */,
				26FB02100B63D2230062AD1B /* CT_MAX.cpp */,
				26FB02110B63D2230062AD1B /* CT_MIN.cpp */,
				26FB02120B63D2230062AD1B /* CT_MINUSEQ.cpp */,
				26FB02130B63D2230062AD1B /* CT_OCCURRENCE.cpp */,
				26FB02140B63D2230062AD1B /* CT_POW.cpp */,
				26FB02150B63D2230062AD1B /* CT_PRODUCT2.cpp */,
				26FB02160B63D2230062AD1B /* CT_WATCHED_ELEMENT.cpp */,
				26FB02170B63D2230062AD1B /* CT_WATCHED_GEQSUM.cpp */,
				26FB02180B63D2230062AD1B /* CT_WATCHED_LEQSUM.cpp */,
				26FB02190B63D2230062AD1B /* CT_WATCHED_LITSUM.cpp */,
				26FB021A0B63D2230062AD1B /* CT_WATCHED_TABLE.cpp */,
				26FB021B0B63D2230062AD1B /* CT_WATCHED_VECNEQ.cpp */,
				26FB021C0B63D2230062AD1B /* CT_WEIGHTGEQSUM.cpp */,
				26FB021D0B63D2230062AD1B /* CT_WEIGHTLEQSUM.cpp */,
			);
			name = Auto;
			sourceTree = "<group>";
		};
/* End PBXGroup section */

/* Begin PBXNativeTarget section */
		261C44E1099A0B4A00FFBDCA /* Minion */ = {
			isa = PBXNativeTarget;
			buildConfigurationList = 261C44E7099A0B8D00FFBDCA /* Build configuration list for PBXNativeTarget "Minion" */;
			buildPhases = (
				261C44DF099A0B4A00FFBDCA /* Sources */,
				261C44E0099A0B4A00FFBDCA /* Frameworks */,
			);
			buildRules = (
			);
			dependencies = (
			);
			name = Minion;
			productName = Minion;
			productReference = 261C44E2099A0B4A00FFBDCA /* Minion */;
			productType = "com.apple.product-type.tool";
		};
/* End PBXNativeTarget section */

/* Begin PBXProject section */
		08FB7793FE84155DC02AAC07 /* Project object */ = {
			isa = PBXProject;
			buildConfigurationList = 1DEB923508733DC60010E9CD /* Build configuration list for PBXProject "cutecsp" */;
			hasScannedForEncodings = 1;
			mainGroup = 08FB7794FE84155DC02AAC07 /* cutecsp */;
			projectDirPath = "";
			targets = (
				261C44E1099A0B4A00FFBDCA /* Minion */,
			);
		};
/* End PBXProject section */

/* Begin PBXSourcesBuildPhase section */
		261C44DF099A0B4A00FFBDCA /* Sources */ = {
			isa = PBXSourcesBuildPhase;
			buildActionMask = 2147483647;
			files = (
				261C44E4099A0B6600FFBDCA /* MinionInputReader.cpp in Sources */,
				26131D1409CB1D2000ACF137 /* BuildConstraint2.cpp in Sources */,
				2644ACE50A192B90002BD572 /* minion.cpp in Sources */,
				26E63C830B137198009C8B64 /* get_info.cpp in Sources */,
				26FB021E0B63D2230062AD1B /* BuildDynamicStart.cpp in Sources */,
				26FB021F0B63D2230062AD1B /* BuildStaticStart.cpp in Sources */,
				26FB02200B63D2230062AD1B /* CT_ALLDIFF.cpp in Sources */,
				26FB02210B63D2230062AD1B /* CT_DISEQ.cpp in Sources */,
				26FB02220B63D2230062AD1B /* CT_ELEMENT.cpp in Sources */,
				26FB02230B63D2230062AD1B /* CT_EQ.cpp in Sources */,
				26FB02240B63D2230062AD1B /* CT_GACELEMENT.cpp in Sources */,
				26FB02250B63D2230062AD1B /* CT_GEQSUM.cpp in Sources */,
				26FB02260B63D2230062AD1B /* CT_INEQ.cpp in Sources */,
				26FB02270B63D2230062AD1B /* CT_LEQSUM.cpp in Sources */,
				26FB02280B63D2230062AD1B /* CT_LEXLEQ.cpp in Sources */,
				26FB02290B63D2230062AD1B /* CT_LEXLESS.cpp in Sources */,
				26FB022A0B63D2230062AD1B /* CT_MAX.cpp in Sources */,
				26FB022B0B63D2230062AD1B /* CT_MIN.cpp in Sources */,
				26FB022C0B63D2230062AD1B /* CT_MINUSEQ.cpp in Sources */,
				26FB022D0B63D2230062AD1B /* CT_OCCURRENCE.cpp in Sources */,
				26FB022E0B63D2230062AD1B /* CT_POW.cpp in Sources */,
				26FB022F0B63D2230062AD1B /* CT_PRODUCT2.cpp in Sources */,
				26FB02300B63D2230062AD1B /* CT_WATCHED_ELEMENT.cpp in Sources */,
				26FB02310B63D2230062AD1B /* CT_WATCHED_GEQSUM.cpp in Sources */,
				26FB02320B63D2230062AD1B /* CT_WATCHED_LEQSUM.cpp in Sources */,
				26FB02330B63D2230062AD1B /* CT_WATCHED_LITSUM.cpp in Sources */,
				26FB02340B63D2230062AD1B /* CT_WATCHED_TABLE.cpp in Sources */,
				26FB02350B63D2230062AD1B /* CT_WATCHED_VECNEQ.cpp in Sources */,
				26FB02360B63D2230062AD1B /* CT_WEIGHTGEQSUM.cpp in Sources */,
				26FB02370B63D2230062AD1B /* CT_WEIGHTLEQSUM.cpp in Sources */,
				2643EA720C4573CD004231DE /* constraint_setup.cpp in Sources */,
				2643EA730C4573CD004231DE /* debug_functions.cpp in Sources */,
				2643EA760C4573E7004231DE /* CT_DIV.cpp in Sources */,
				2643EA770C4573E7004231DE /* CT_MODULO.cpp in Sources */,
				263ACB500C75B3DC00AE5947 /* MinionThreeInputReader.cpp in Sources */,
				26D83D000CAFF4DB00625B8C /* CT_ALLDIFF_GACSLOW.cpp in Sources */,
			);
			runOnlyForDeploymentPostprocessing = 0;
		};
/* End PBXSourcesBuildPhase section */

/* Begin XCBuildConfiguration section */
		1DEB923708733DC60010E9CD /* Release */ = {
			isa = XCBuildConfiguration;
			buildSettings = {
				GCC_AUTO_VECTORIZATION = YES;
				GCC_DYNAMIC_NO_PIC = YES;
				GCC_ENABLE_SSE3_EXTENSIONS = YES;
				GCC_GENERATE_DEBUGGING_SYMBOLS = NO;
				GCC_OPTIMIZATION_LEVEL = 2;
				GCC_PREPROCESSOR_DEFINITIONS = (
					NO_DEBUG,
					WATCHEDLITERALS,
				);
				GCC_STRICT_ALIASING = YES;
			};
			name = Release;
		};
		260A72A90AA9765C002A1080 /* Shark */ = {
			isa = XCBuildConfiguration;
			buildSettings = {
				COPY_PHASE_STRIP = YES;
				GCC_ENABLE_FIX_AND_CONTINUE = NO;
				GCC_GENERATE_DEBUGGING_SYMBOLS = NO;
				GCC_MODEL_TUNING = G5;
				INSTALL_PATH = "$(HOME)/bin";
				PRODUCT_NAME = Minion;
			};
			name = Shark;
		};
		260A72AA0AA9765C002A1080 /* Shark */ = {
			isa = XCBuildConfiguration;
			buildSettings = {
				COPY_PHASE_STRIP = NO;
				GCC_AUTO_VECTORIZATION = YES;
				GCC_DYNAMIC_NO_PIC = YES;
				GCC_ENABLE_SSE3_EXTENSIONS = YES;
				GCC_OPTIMIZATION_LEVEL = 2;
				GCC_PREPROCESSOR_DEFINITIONS = (
					NO_DEBUG,
					WATCHEDLITERALS,
				);
				GCC_STRICT_ALIASING = YES;
				OTHER_CPLUSPLUSFLAGS = (
					"$(OTHER_CFLAGS)",
					"-fno-inline-functions",
					"-fno-inline",
				);
				STRIP_INSTALLED_PRODUCT = NO;
			};
			name = Shark;
		};
		261C44EA099A0B8D00FFBDCA /* Release */ = {
			isa = XCBuildConfiguration;
			buildSettings = {
				COPY_PHASE_STRIP = YES;
				GCC_ENABLE_FIX_AND_CONTINUE = NO;
				GCC_GENERATE_DEBUGGING_SYMBOLS = NO;
				GCC_MODEL_TUNING = G5;
				INSTALL_PATH = "$(HOME)/bin";
				PRODUCT_NAME = Minion;
			};
			name = Release;
		};
		2665FF290A6BA9D10094194B /* debug */ = {
			isa = XCBuildConfiguration;
			buildSettings = {
				COPY_PHASE_STRIP = YES;
				GCC_ENABLE_FIX_AND_CONTINUE = NO;
				GCC_GENERATE_DEBUGGING_SYMBOLS = NO;
				GCC_MODEL_TUNING = G5;
				INSTALL_PATH = "$(HOME)/bin";
				PRODUCT_NAME = Minion;
			};
			name = debug;
		};
		2665FF2A0A6BA9D10094194B /* debug */ = {
			isa = XCBuildConfiguration;
			buildSettings = {
				COPY_PHASE_STRIP = NO;
				GCC_AUTO_VECTORIZATION = YES;
				GCC_DYNAMIC_NO_PIC = YES;
				GCC_ENABLE_SSE3_EXTENSIONS = YES;
				GCC_OPTIMIZATION_LEVEL = 0;
				GCC_PREPROCESSOR_DEFINITIONS = (
					NO_PRINT,
					MORE_SEARCH_INFO,
					WATCHEDLITERALS,
					QUICK_COMPILE,
				);
				GCC_STRICT_ALIASING = YES;
				STRIP_INSTALLED_PRODUCT = NO;
			};
			name = debug;
		};
/* End XCBuildConfiguration section */

/* Begin XCConfigurationList section */
		1DEB923508733DC60010E9CD /* Build configuration list for PBXProject "cutecsp" */ = {
			isa = XCConfigurationList;
			buildConfigurations = (
				1DEB923708733DC60010E9CD /* Release */,
				260A72AA0AA9765C002A1080 /* Shark */,
				2665FF2A0A6BA9D10094194B /* debug */,
			);
			defaultConfigurationIsVisible = 0;
			defaultConfigurationName = Release;
		};
		261C44E7099A0B8D00FFBDCA /* Build configuration list for PBXNativeTarget "Minion" */ = {
			isa = XCConfigurationList;
			buildConfigurations = (
				261C44EA099A0B8D00FFBDCA /* Release */,
				260A72A90AA9765C002A1080 /* Shark */,
				2665FF290A6BA9D10094194B /* debug */,
			);
			defaultConfigurationIsVisible = 0;
			defaultConfigurationName = Release;
		};
/* End XCConfigurationList section */
	};
	rootObject = 08FB7793FE84155DC02AAC07 /* Project object */;
}
